
Microsoft Visual Studio Solution File, Format Version 12.00
# Visual Studio 15
VisualStudioVersion = 15.0.27703.2026
MinimumVisualStudioVersion = 10.0.40219.1
Project("{FAE04EC0-301F-11D3-BF4B-00C04F79EFBC}") = "Layouts.Android", "Layouts\Layouts.Android\Layouts.Android.csproj", "{B7430CD3-E8A9-4CDF-A400-7217844A4221}"
EndProject
Project("{FAE04EC0-301F-11D3-BF4B-00C04F79EFBC}") = "Layouts.iOS", "Layouts\Layouts.iOS\Layouts.iOS.csproj", "{C9C87506-8C36-4BA4-BFE5-4E3BE1D33027}"
EndProject
Project("{FAE04EC0-301F-11D3-BF4B-00C04F79EFBC}") = "Layouts.UWP", "Layouts\Layouts.UWP\Layouts.UWP.csproj", "{77362654-BF43-413D-93A5-64107C0B549F}"
EndProject
Project("{FAE04EC0-301F-11D3-BF4B-00C04F79EFBC}") = "Layouts", "Layouts\Layouts\Layouts.csproj", "{17C2BE58-C235-40C1-8420-BE432020D612}"
EndProject
Global
	GlobalSection(SolutionConfigurationPlatforms) = preSolution
		Ad-Hoc|Any CPU = Ad-Hoc|Any CPU
		Ad-Hoc|ARM = Ad-Hoc|ARM
		Ad-Hoc|iPhone = Ad-Hoc|iPhone
		Ad-Hoc|iPhoneSimulator = Ad-Hoc|iPhoneSimulator
		Ad-Hoc|x64 = Ad-Hoc|x64
		Ad-Hoc|x86 = Ad-Hoc|x86
		AppStore|Any CPU = AppStore|Any CPU
		AppStore|ARM = AppStore|ARM
		AppStore|iPhone = AppStore|iPhone
		AppStore|iPhoneSimulator = AppStore|iPhoneSimulator
		AppStore|x64 = AppStore|x64
		AppStore|x86 = AppStore|x86
		Debug|Any CPU = Debug|Any CPU
		Debug|ARM = Debug|ARM
		Debug|iPhone = Debug|iPhone
		Debug|iPhoneSimulator = Debug|iPhoneSimulator
		Debug|x64 = Debug|x64
		Debug|x86 = Debug|x86
		Release|Any CPU = Release|Any CPU
		Release|ARM = Release|ARM
		Release|iPhone = Release|iPhone
		Release|iPhoneSimulator = Release|iPhoneSimulator
		Release|x64 = Release|x64
		Release|x86 = Release|x86
	EndGlobalSection
	GlobalSection(ProjectConfigurationPlatforms) = postSolution
		{B7430CD3-E8A9-4CDF-A400-7217844A4221}.Ad-Hoc|Any CPU.ActiveCfg = Release|Any CPU
		{B7430CD3-E8A9-4CDF-A400-7217844A4221}.Ad-Hoc|Any CPU.Build.0 = Release|Any CPU
		{B7430CD3-E8A9-4CDF-A400-7217844A4221}.Ad-Hoc|Any CPU.Deploy.0 = Release|Any CPU
		{B7430CD3-E8A9-4CDF-A400-7217844A4221}.Ad-Hoc|ARM.ActiveCfg = Release|Any CPU
		{B7430CD3-E8A9-4CDF-A400-7217844A4221}.Ad-Hoc|ARM.Build.0 = Release|Any CPU
		{B7430CD3-E8A9-4CDF-A400-7217844A4221}.Ad-Hoc|ARM.Deploy.0 = Release|Any CPU
		{B7430CD3-E8A9-4CDF-A400-7217844A4221}.Ad-Hoc|iPhone.ActiveCfg = Release|Any CPU
		{B7430CD3-E8A9-4CDF-A400-7217844A4221}.Ad-Hoc|iPhone.Build.0 = Release|Any CPU
		{B7430CD3-E8A9-4CDF-A400-7217844A4221}.Ad-Hoc|iPhone.Deploy.0 = Release|Any CPU
		{B7430CD3-E8A9-4CDF-A400-7217844A4221}.Ad-Hoc|iPhoneSimulator.ActiveCfg = Release|Any CPU
		{B7430CD3-E8A9-4CDF-A400-7217844A4221}.Ad-Hoc|iPhoneSimulator.Build.0 = Release|Any CPU
		{B7430CD3-E8A9-4CDF-A400-7217844A4221}.Ad-Hoc|iPhoneSimulator.Deploy.0 = Release|Any CPU
		{B7430CD3-E8A9-4CDF-A400-7217844A4221}.Ad-Hoc|x64.ActiveCfg = Release|Any CPU
		{B7430CD3-E8A9-4CDF-A400-7217844A4221}.Ad-Hoc|x64.Build.0 = Release|Any CPU
		{B7430CD3-E8A9-4CDF-A400-7217844A4221}.Ad-Hoc|x64.Deploy.0 = Release|Any CPU
		{B7430CD3-E8A9-4CDF-A400-7217844A4221}.Ad-Hoc|x86.ActiveCfg = Release|Any CPU
		{B7430CD3-E8A9-4CDF-A400-7217844A4221}.Ad-Hoc|x86.Build.0 = Release|Any CPU
		{B7430CD3-E8A9-4CDF-A400-7217844A4221}.Ad-Hoc|x86.Deploy.0 = Release|Any CPU
		{B7430CD3-E8A9-4CDF-A400-7217844A4221}.AppStore|Any CPU.ActiveCfg = Release|Any CPU
		{B7430CD3-E8A9-4CDF-A400-7217844A4221}.AppStore|Any CPU.Build.0 = Release|Any CPU
		{B7430CD3-E8A9-4CDF-A400-7217844A4221}.AppStore|Any CPU.Deploy.0 = Release|Any CPU
		{B7430CD3-E8A9-4CDF-A400-7217844A4221}.AppStore|ARM.ActiveCfg = Release|Any CPU
		{B7430CD3-E8A9-4CDF-A400-7217844A4221}.AppStore|ARM.Build.0 = Release|Any CPU
		{B7430CD3-E8A9-4CDF-A400-7217844A4221}.AppStore|ARM.Deploy.0 = Release|Any CPU
		{B7430CD3-E8A9-4CDF-A400-7217844A4221}.AppStore|iPhone.ActiveCfg = Release|Any CPU
		{B7430CD3-E8A9-4CDF-A400-7217844A4221}.AppStore|iPhone.Build.0 = Release|Any CPU
		{B7430CD3-E8A9-4CDF-A400-7217844A4221}.AppStore|iPhone.Deploy.0 = Release|Any CPU
		{B7430CD3-E8A9-4CDF-A400-7217844A4221}.AppStore|iPhoneSimulator.ActiveCfg = Release|Any CPU
		{B7430CD3-E8A9-4CDF-A400-7217844A4221}.AppStore|iPhoneSimulator.Build.0 = Release|Any CPU
		{B7430CD3-E8A9-4CDF-A400-7217844A4221}.AppStore|iPhoneSimulator.Deploy.0 = Release|Any CPU
		{B7430CD3-E8A9-4CDF-A400-7217844A4221}.AppStore|x64.ActiveCfg = Release|Any CPU
		{B7430CD3-E8A9-4CDF-A400-7217844A4221}.AppStore|x64.Build.0 = Release|Any CPU
		{B7430CD3-E8A9-4CDF-A400-7217844A4221}.AppStore|x64.Deploy.0 = Release|Any CPU
		{B7430CD3-E8A9-4CDF-A400-7217844A4221}.AppStore|x86.ActiveCfg = Release|Any CPU
		{B7430CD3-E8A9-4CDF-A400-7217844A4221}.AppStore|x86.Build.0 = Release|Any CPU
		{B7430CD3-E8A9-4CDF-A400-7217844A4221}.AppStore|x86.Deploy.0 = Release|Any CPU
		{B7430CD3-E8A9-4CDF-A400-7217844A4221}.Debug|Any CPU.ActiveCfg = Debug|Any CPU
		{B7430CD3-E8A9-4CDF-A400-7217844A4221}.Debug|Any CPU.Build.0 = Debug|Any CPU
		{B7430CD3-E8A9-4CDF-A400-7217844A4221}.Debug|Any CPU.Deploy.0 = Debug|Any CPU
		{B7430CD3-E8A9-4CDF-A400-7217844A4221}.Debug|ARM.ActiveCfg = Debug|Any CPU
		{B7430CD3-E8A9-4CDF-A400-7217844A4221}.Debug|ARM.Build.0 = Debug|Any CPU
		{B7430CD3-E8A9-4CDF-A400-7217844A4221}.Debug|ARM.Deploy.0 = Debug|Any CPU
		{B7430CD3-E8A9-4CDF-A400-7217844A4221}.Debug|iPhone.ActiveCfg = Debug|Any CPU
		{B7430CD3-E8A9-4CDF-A400-7217844A4221}.Debug|iPhone.Build.0 = Debug|Any CPU
		{B7430CD3-E8A9-4CDF-A400-7217844A4221}.Debug|iPhone.Deploy.0 = Debug|Any CPU
		{B7430CD3-E8A9-4CDF-A400-7217844A4221}.Debug|iPhoneSimulator.ActiveCfg = Debug|Any CPU
		{B7430CD3-E8A9-4CDF-A400-7217844A4221}.Debug|iPhoneSimulator.Build.0 = Debug|Any CPU
		{B7430CD3-E8A9-4CDF-A400-7217844A4221}.Debug|iPhoneSimulator.Deploy.0 = Debug|Any CPU
		{B7430CD3-E8A9-4CDF-A400-7217844A4221}.Debug|x64.ActiveCfg = Debug|Any CPU
		{B7430CD3-E8A9-4CDF-A400-7217844A4221}.Debug|x64.Build.0 = Debug|Any CPU
		{B7430CD3-E8A9-4CDF-A400-7217844A4221}.Debug|x64.Deploy.0 = Debug|Any CPU
		{B7430CD3-E8A9-4CDF-A400-7217844A4221}.Debug|x86.ActiveCfg = Debug|Any CPU
		{B7430CD3-E8A9-4CDF-A400-7217844A4221}.Debug|x86.Build.0 = Debug|Any CPU
		{B7430CD3-E8A9-4CDF-A400-7217844A4221}.Debug|x86.Deploy.0 = Debug|Any CPU
		{B7430CD3-E8A9-4CDF-A400-7217844A4221}.Release|Any CPU.ActiveCfg = Release|Any CPU
		{B7430CD3-E8A9-4CDF-A400-7217844A4221}.Release|Any CPU.Build.0 = Release|Any CPU
		{B7430CD3-E8A9-4CDF-A400-7217844A4221}.Release|Any CPU.Deploy.0 = Release|Any CPU
		{B7430CD3-E8A9-4CDF-A400-7217844A4221}.Release|ARM.ActiveCfg = Release|Any CPU
		{B7430CD3-E8A9-4CDF-A400-7217844A4221}.Release|ARM.Build.0 = Release|Any CPU
		{B7430CD3-E8A9-4CDF-A400-7217844A4221}.Release|ARM.Deploy.0 = Release|Any CPU
		{B7430CD3-E8A9-4CDF-A400-7217844A4221}.Release|iPhone.ActiveCfg = Release|Any CPU
		{B7430CD3-E8A9-4CDF-A400-7217844A4221}.Release|iPhone.Build.0 = Release|Any CPU
		{B7430CD3-E8A9-4CDF-A400-7217844A4221}.Release|iPhone.Deploy.0 = Release|Any CPU
		{B7430CD3-E8A9-4CDF-A400-7217844A4221}.Release|iPhoneSimulator.ActiveCfg = Release|Any CPU
		{B7430CD3-E8A9-4CDF-A400-7217844A4221}.Release|iPhoneSimulator.Build.0 = Release|Any CPU
		{B7430CD3-E8A9-4CDF-A400-7217844A4221}.Release|iPhoneSimulator.Deploy.0 = Release|Any CPU
		{B7430CD3-E8A9-4CDF-A400-7217844A4221}.Release|x64.ActiveCfg = Release|Any CPU
		{B7430CD3-E8A9-4CDF-A400-7217844A4221}.Release|x64.Build.0 = Release|Any CPU
		{B7430CD3-E8A9-4CDF-A400-7217844A4221}.Release|x64.Deploy.0 = Release|Any CPU
		{B7430CD3-E8A9-4CDF-A400-7217844A4221}.Release|x86.ActiveCfg = Release|Any CPU
		{B7430CD3-E8A9-4CDF-A400-7217844A4221}.Release|x86.Build.0 = Release|Any CPU
		{B7430CD3-E8A9-4CDF-A400-7217844A4221}.Release|x86.Deploy.0 = Release|Any CPU
		{C9C87506-8C36-4BA4-BFE5-4E3BE1D33027}.Ad-Hoc|Any CPU.ActiveCfg = Ad-Hoc|iPhone
		{C9C87506-8C36-4BA4-BFE5-4E3BE1D33027}.Ad-Hoc|Any CPU.Build.0 = Ad-Hoc|iPhone
		{C9C87506-8C36-4BA4-BFE5-4E3BE1D33027}.Ad-Hoc|Any CPU.Deploy.0 = Ad-Hoc|iPhone
		{C9C87506-8C36-4BA4-BFE5-4E3BE1D33027}.Ad-Hoc|ARM.ActiveCfg = Ad-Hoc|iPhone
		{C9C87506-8C36-4BA4-BFE5-4E3BE1D33027}.Ad-Hoc|ARM.Build.0 = Ad-Hoc|iPhone
		{C9C87506-8C36-4BA4-BFE5-4E3BE1D33027}.Ad-Hoc|ARM.Deploy.0 = Ad-Hoc|iPhone
		{C9C87506-8C36-4BA4-BFE5-4E3BE1D33027}.Ad-Hoc|iPhone.ActiveCfg = Ad-Hoc|iPhone
		{C9C87506-8C36-4BA4-BFE5-4E3BE1D33027}.Ad-Hoc|iPhone.Build.0 = Ad-Hoc|iPhone
		{C9C87506-8C36-4BA4-BFE5-4E3BE1D33027}.Ad-Hoc|iPhone.Deploy.0 = Ad-Hoc|iPhone
		{C9C87506-8C36-4BA4-BFE5-4E3BE1D33027}.Ad-Hoc|iPhoneSimulator.ActiveCfg = Ad-Hoc|iPhoneSimulator
		{C9C87506-8C36-4BA4-BFE5-4E3BE1D33027}.Ad-Hoc|iPhoneSimulator.Build.0 = Ad-Hoc|iPhoneSimulator
		{C9C87506-8C36-4BA4-BFE5-4E3BE1D33027}.Ad-Hoc|iPhoneSimulator.Deploy.0 = Ad-Hoc|iPhoneSimulator
		{C9C87506-8C36-4BA4-BFE5-4E3BE1D33027}.Ad-Hoc|x64.ActiveCfg = Ad-Hoc|iPhone
		{C9C87506-8C36-4BA4-BFE5-4E3BE1D33027}.Ad-Hoc|x64.Build.0 = Ad-Hoc|iPhone
		{C9C87506-8C36-4BA4-BFE5-4E3BE1D33027}.Ad-Hoc|x64.Deploy.0 = Ad-Hoc|iPhone
		{C9C87506-8C36-4BA4-BFE5-4E3BE1D33027}.Ad-Hoc|x86.ActiveCfg = Ad-Hoc|iPhone
		{C9C87506-8C36-4BA4-BFE5-4E3BE1D33027}.Ad-Hoc|x86.Build.0 = Ad-Hoc|iPhone
		{C9C87506-8C36-4BA4-BFE5-4E3BE1D33027}.Ad-Hoc|x86.Deploy.0 = Ad-Hoc|iPhone
		{C9C87506-8C36-4BA4-BFE5-4E3BE1D33027}.AppStore|Any CPU.ActiveCfg = AppStore|iPhone
		{C9C87506-8C36-4BA4-BFE5-4E3BE1D33027}.AppStore|Any CPU.Build.0 = AppStore|iPhone
		{C9C87506-8C36-4BA4-BFE5-4E3BE1D33027}.AppStore|Any CPU.Deploy.0 = AppStore|iPhone
		{C9C87506-8C36-4BA4-BFE5-4E3BE1D33027}.AppStore|ARM.ActiveCfg = AppStore|iPhone
		{C9C87506-8C36-4BA4-BFE5-4E3BE1D33027}.AppStore|ARM.Build.0 = AppStore|iPhone
		{C9C87506-8C36-4BA4-BFE5-4E3BE1D33027}.AppStore|ARM.Deploy.0 = AppStore|iPhone
		{C9C87506-8C36-4BA4-BFE5-4E3BE1D33027}.AppStore|iPhone.ActiveCfg = AppStore|iPhone
		{C9C87506-8C36-4BA4-BFE5-4E3BE1D33027}.AppStore|iPhone.Build.0 = AppStore|iPhone
		{C9C87506-8C36-4BA4-BFE5-4E3BE1D33027}.AppStore|iPhone.Deploy.0 = AppStore|iPhone
		{C9C87506-8C36-4BA4-BFE5-4E3BE1D33027}.AppStore|iPhoneSimulator.ActiveCfg = AppStore|iPhoneSimulator
		{C9C87506-8C36-4BA4-BFE5-4E3BE1D33027}.AppStore|iPhoneSimulator.Build.0 = AppStore|iPhoneSimulator
		{C9C87506-8C36-4BA4-BFE5-4E3BE1D33027}.AppStore|iPhoneSimulator.Deploy.0 = AppStore|iPhoneSimulator
		{C9C87506-8C36-4BA4-BFE5-4E3BE1D33027}.AppStore|x64.ActiveCfg = AppStore|iPhone
		{C9C87506-8C36-4BA4-BFE5-4E3BE1D33027}.AppStore|x64.Build.0 = AppStore|iPhone
		{C9C87506-8C36-4BA4-BFE5-4E3BE1D33027}.AppStore|x64.Deploy.0 = AppStore|iPhone
		{C9C87506-8C36-4BA4-BFE5-4E3BE1D33027}.AppStore|x86.ActiveCfg = AppStore|iPhone
		{C9C87506-8C36-4BA4-BFE5-4E3BE1D33027}.AppStore|x86.Build.0 = AppStore|iPhone
		{C9C87506-8C36-4BA4-BFE5-4E3BE1D33027}.AppStore|x86.Deploy.0 = AppStore|iPhone
		{C9C87506-8C36-4BA4-BFE5-4E3BE1D33027}.Debug|Any CPU.ActiveCfg = Debug|iPhoneSimulator
		{C9C87506-8C36-4BA4-BFE5-4E3BE1D33027}.Debug|Any CPU.Build.0 = Debug|iPhoneSimulator
		{C9C87506-8C36-4BA4-BFE5-4E3BE1D33027}.Debug|Any CPU.Deploy.0 = Debug|iPhoneSimulator
		{C9C87506-8C36-4BA4-BFE5-4E3BE1D33027}.Debug|ARM.ActiveCfg = Debug|iPhone
		{C9C87506-8C36-4BA4-BFE5-4E3BE1D33027}.Debug|ARM.Build.0 = Debug|iPhone
		{C9C87506-8C36-4BA4-BFE5-4E3BE1D33027}.Debug|ARM.Deploy.0 = Debug|iPhone
		{C9C87506-8C36-4BA4-BFE5-4E3BE1D33027}.Debug|iPhone.ActiveCfg = Debug|iPhone
		{C9C87506-8C36-4BA4-BFE5-4E3BE1D33027}.Debug|iPhone.Build.0 = Debug|iPhone
		{C9C87506-8C36-4BA4-BFE5-4E3BE1D33027}.Debug|iPhone.Deploy.0 = Debug|iPhone
		{C9C87506-8C36-4BA4-BFE5-4E3BE1D33027}.Debug|iPhoneSimulator.ActiveCfg = Debug|iPhoneSimulator
		{C9C87506-8C36-4BA4-BFE5-4E3BE1D33027}.Debug|iPhoneSimulator.Build.0 = Debug|iPhoneSimulator
		{C9C87506-8C36-4BA4-BFE5-4E3BE1D33027}.Debug|iPhoneSimulator.Deploy.0 = Debug|iPhoneSimulator
		{C9C87506-8C36-4BA4-BFE5-4E3BE1D33027}.Debug|x64.ActiveCfg = Debug|iPhone
		{C9C87506-8C36-4BA4-BFE5-4E3BE1D33027}.Debug|x64.Build.0 = Debug|iPhone
		{C9C87506-8C36-4BA4-BFE5-4E3BE1D33027}.Debug|x64.Deploy.0 = Debug|iPhone
		{C9C87506-8C36-4BA4-BFE5-4E3BE1D33027}.Debug|x86.ActiveCfg = Debug|iPhone
		{C9C87506-8C36-4BA4-BFE5-4E3BE1D33027}.Debug|x86.Build.0 = Debug|iPhone
		{C9C87506-8C36-4BA4-BFE5-4E3BE1D33027}.Debug|x86.Deploy.0 = Debug|iPhone
		{C9C87506-8C36-4BA4-BFE5-4E3BE1D33027}.Release|Any CPU.ActiveCfg = Release|iPhone
		{C9C87506-8C36-4BA4-BFE5-4E3BE1D33027}.Release|Any CPU.Build.0 = Release|iPhone
		{C9C87506-8C36-4BA4-BFE5-4E3BE1D33027}.Release|Any CPU.Deploy.0 = Release|iPhone
		{C9C87506-8C36-4BA4-BFE5-4E3BE1D33027}.Release|ARM.ActiveCfg = Release|iPhone
		{C9C87506-8C36-4BA4-BFE5-4E3BE1D33027}.Release|ARM.Build.0 = Release|iPhone
		{C9C87506-8C36-4BA4-BFE5-4E3BE1D33027}.Release|ARM.Deploy.0 = Release|iPhone
		{C9C87506-8C36-4BA4-BFE5-4E3BE1D33027}.Release|iPhone.ActiveCfg = Release|iPhone
		{C9C87506-8C36-4BA4-BFE5-4E3BE1D33027}.Release|iPhone.Build.0 = Release|iPhone
		{C9C87506-8C36-4BA4-BFE5-4E3BE1D33027}.Release|iPhone.Deploy.0 = Release|iPhone
		{C9C87506-8C36-4BA4-BFE5-4E3BE1D33027}.Release|iPhoneSimulator.ActiveCfg = Release|iPhoneSimulator
		{C9C87506-8C36-4BA4-BFE5-4E3BE1D33027}.Release|iPhoneSimulator.Build.0 = Release|iPhoneSimulator
		{C9C87506-8C36-4BA4-BFE5-4E3BE1D33027}.Release|iPhoneSimulator.Deploy.0 = Release|iPhoneSimulator
		{C9C87506-8C36-4BA4-BFE5-4E3BE1D33027}.Release|x64.ActiveCfg = Release|iPhone
		{C9C87506-8C36-4BA4-BFE5-4E3BE1D33027}.Release|x64.Build.0 = Release|iPhone
		{C9C87506-8C36-4BA4-BFE5-4E3BE1D33027}.Release|x64.Deploy.0 = Release|iPhone
		{C9C87506-8C36-4BA4-BFE5-4E3BE1D33027}.Release|x86.ActiveCfg = Release|iPhone
		{C9C87506-8C36-4BA4-BFE5-4E3BE1D33027}.Release|x86.Build.0 = Release|iPhone
		{C9C87506-8C36-4BA4-BFE5-4E3BE1D33027}.Release|x86.Deploy.0 = Release|iPhone
		{77362654-BF43-413D-93A5-64107C0B549F}.Ad-Hoc|Any CPU.ActiveCfg = Release|x86
		{77362654-BF43-413D-93A5-64107C0B549F}.Ad-Hoc|Any CPU.Build.0 = Release|x86
		{77362654-BF43-413D-93A5-64107C0B549F}.Ad-Hoc|Any CPU.Deploy.0 = Release|x86
		{77362654-BF43-413D-93A5-64107C0B549F}.Ad-Hoc|ARM.ActiveCfg = Release|ARM
		{77362654-BF43-413D-93A5-64107C0B549F}.Ad-Hoc|ARM.Build.0 = Release|ARM
		{77362654-BF43-413D-93A5-64107C0B549F}.Ad-Hoc|ARM.Deploy.0 = Release|ARM
		{77362654-BF43-413D-93A5-64107C0B549F}.Ad-Hoc|iPhone.ActiveCfg = Release|x86
		{77362654-BF43-413D-93A5-64107C0B549F}.Ad-Hoc|iPhone.Build.0 = Release|x86
		{77362654-BF43-413D-93A5-64107C0B549F}.Ad-Hoc|iPhone.Deploy.0 = Release|x86
		{77362654-BF43-413D-93A5-64107C0B549F}.Ad-Hoc|iPhoneSimulator.ActiveCfg = Release|x86
		{77362654-BF43-413D-93A5-64107C0B549F}.Ad-Hoc|iPhoneSimulator.Build.0 = Release|x86
		{77362654-BF43-413D-93A5-64107C0B549F}.Ad-Hoc|iPhoneSimulator.Deploy.0 = Release|x86
		{77362654-BF43-413D-93A5-64107C0B549F}.Ad-Hoc|x64.ActiveCfg = Release|x64
		{77362654-BF43-413D-93A5-64107C0B549F}.Ad-Hoc|x64.Build.0 = Release|x64
		{77362654-BF43-413D-93A5-64107C0B549F}.Ad-Hoc|x64.Deploy.0 = Release|x64
		{77362654-BF43-413D-93A5-64107C0B549F}.Ad-Hoc|x86.ActiveCfg = Release|x86
		{77362654-BF43-413D-93A5-64107C0B549F}.Ad-Hoc|x86.Build.0 = Release|x86
		{77362654-BF43-413D-93A5-64107C0B549F}.Ad-Hoc|x86.Deploy.0 = Release|x86
		{77362654-BF43-413D-93A5-64107C0B549F}.AppStore|Any CPU.ActiveCfg = Release|x86
		{77362654-BF43-413D-93A5-64107C0B549F}.AppStore|Any CPU.Build.0 = Release|x86
		{77362654-BF43-413D-93A5-64107C0B549F}.AppStore|Any CPU.Deploy.0 = Release|x86
		{77362654-BF43-413D-93A5-64107C0B549F}.AppStore|ARM.ActiveCfg = Release|ARM
		{77362654-BF43-413D-93A5-64107C0B549F}.AppStore|ARM.Build.0 = Release|ARM
		{77362654-BF43-413D-93A5-64107C0B549F}.AppStore|ARM.Deploy.0 = Release|ARM
		{77362654-BF43-413D-93A5-64107C0B549F}.AppStore|iPhone.ActiveCfg = Release|x86
		{77362654-BF43-413D-93A5-64107C0B549F}.AppStore|iPhone.Build.0 = Release|x86
		{77362654-BF43-413D-93A5-64107C0B549F}.AppStore|iPhone.Deploy.0 = Release|x86
		{77362654-BF43-413D-93A5-64107C0B549F}.AppStore|iPhoneSimulator.ActiveCfg = Release|x86
		{77362654-BF43-413D-93A5-64107C0B549F}.AppStore|iPhoneSimulator.Build.0 = Release|x86
		{77362654-BF43-413D-93A5-64107C0B549F}.AppStore|iPhoneSimulator.Deploy.0 = Release|x86
		{77362654-BF43-413D-93A5-64107C0B549F}.AppStore|x64.ActiveCfg = Release|x64
		{77362654-BF43-413D-93A5-64107C0B549F}.AppStore|x64.Build.0 = Release|x64
		{77362654-BF43-413D-93A5-64107C0B549F}.AppStore|x64.Deploy.0 = Release|x64
		{77362654-BF43-413D-93A5-64107C0B549F}.AppStore|x86.ActiveCfg = Release|x86
		{77362654-BF43-413D-93A5-64107C0B549F}.AppStore|x86.Build.0 = Release|x86
		{77362654-BF43-413D-93A5-64107C0B549F}.AppStore|x86.Deploy.0 = Release|x86
		{77362654-BF43-413D-93A5-64107C0B549F}.Debug|Any CPU.ActiveCfg = Debug|x86
		{77362654-BF43-413D-93A5-64107C0B549F}.Debug|Any CPU.Build.0 = Debug|x86
		{77362654-BF43-413D-93A5-64107C0B549F}.Debug|Any CPU.Deploy.0 = Debug|x86
		{77362654-BF43-413D-93A5-64107C0B549F}.Debug|ARM.ActiveCfg = Debug|ARM
		{77362654-BF43-413D-93A5-64107C0B549F}.Debug|ARM.Build.0 = Debug|ARM
		{77362654-BF43-413D-93A5-64107C0B549F}.Debug|ARM.Deploy.0 = Debug|ARM
		{77362654-BF43-413D-93A5-64107C0B549F}.Debug|iPhone.ActiveCfg = Debug|x86
		{77362654-BF43-413D-93A5-64107C0B549F}.Debug|iPhone.Build.0 = Debug|x86
		{77362654-BF43-413D-93A5-64107C0B549F}.Debug|iPhone.Deploy.0 = Debug|x86
		{77362654-BF43-413D-93A5-64107C0B549F}.Debug|iPhoneSimulator.ActiveCfg = Debug|x86
		{77362654-BF43-413D-93A5-64107C0B549F}.Debug|iPhoneSimulator.Build.0 = Debug|x86
		{77362654-BF43-413D-93A5-64107C0B549F}.Debug|iPhoneSimulator.Deploy.0 = Debug|x86
		{77362654-BF43-413D-93A5-64107C0B549F}.Debug|x64.ActiveCfg = Debug|x64
		{77362654-BF43-413D-93A5-64107C0B549F}.Debug|x64.Build.0 = Debug|x64
		{77362654-BF43-413D-93A5-64107C0B549F}.Debug|x64.Deploy.0 = Debug|x64
		{77362654-BF43-413D-93A5-64107C0B549F}.Debug|x86.ActiveCfg = Debug|x86
		{77362654-BF43-413D-93A5-64107C0B549F}.Debug|x86.Build.0 = Debug|x86
		{77362654-BF43-413D-93A5-64107C0B549F}.Debug|x86.Deploy.0 = Debug|x86
		{77362654-BF43-413D-93A5-64107C0B549F}.Release|Any CPU.ActiveCfg = Release|x86
		{77362654-BF43-413D-93A5-64107C0B549F}.Release|Any CPU.Build.0 = Release|x86
		{77362654-BF43-413D-93A5-64107C0B549F}.Release|Any CPU.Deploy.0 = Release|x86
		{77362654-BF43-413D-93A5-64107C0B549F}.Release|ARM.ActiveCfg = Release|ARM
		{77362654-BF43-413D-93A5-64107C0B549F}.Release|ARM.Build.0 = Release|ARM
		{77362654-BF43-413D-93A5-64107C0B549F}.Release|ARM.Deploy.0 = Release|ARM
		{77362654-BF43-413D-93A5-64107C0B549F}.Release|iPhone.ActiveCfg = Release|x86
		{77362654-BF43-413D-93A5-64107C0B549F}.Release|iPhone.Build.0 = Release|x86
		{77362654-BF43-413D-93A5-64107C0B549F}.Release|iPhone.Deploy.0 = Release|x86
		{77362654-BF43-413D-93A5-64107C0B549F}.Release|iPhoneSimulator.ActiveCfg = Release|x86
		{77362654-BF43-413D-93A5-64107C0B549F}.Release|iPhoneSimulator.Build.0 = Release|x86
		{77362654-BF43-413D-93A5-64107C0B549F}.Release|iPhoneSimulator.Deploy.0 = Release|x86
		{77362654-BF43-413D-93A5-64107C0B549F}.Release|x64.ActiveCfg = Release|x64
		{77362654-BF43-413D-93A5-64107C0B549F}.Release|x64.Build.0 = Release|x64
		{77362654-BF43-413D-93A5-64107C0B549F}.Release|x64.Deploy.0 = Release|x64
		{77362654-BF43-413D-93A5-64107C0B549F}.Release|x86.ActiveCfg = Release|x86
		{77362654-BF43-413D-93A5-64107C0B549F}.Release|x86.Build.0 = Release|x86
		{77362654-BF43-413D-93A5-64107C0B549F}.Release|x86.Deploy.0 = Release|x86
		{17C2BE58-C235-40C1-8420-BE432020D612}.Ad-Hoc|Any CPU.ActiveCfg = Debug|Any CPU
		{17C2BE58-C235-40C1-8420-BE432020D612}.Ad-Hoc|Any CPU.Build.0 = Debug|Any CPU
		{17C2BE58-C235-40C1-8420-BE432020D612}.Ad-Hoc|Any CPU.Deploy.0 = Debug|Any CPU
		{17C2BE58-C235-40C1-8420-BE432020D612}.Ad-Hoc|ARM.ActiveCfg = Debug|Any CPU
		{17C2BE58-C235-40C1-8420-BE432020D612}.Ad-Hoc|ARM.Build.0 = Debug|Any CPU
		{17C2BE58-C235-40C1-8420-BE432020D612}.Ad-Hoc|ARM.Deploy.0 = Debug|Any CPU
		{17C2BE58-C235-40C1-8420-BE432020D612}.Ad-Hoc|iPhone.ActiveCfg = Debug|Any CPU
		{17C2BE58-C235-40C1-8420-BE432020D612}.Ad-Hoc|iPhone.Build.0 = Debug|Any CPU
		{17C2BE58-C235-40C1-8420-BE432020D612}.Ad-Hoc|iPhone.Deploy.0 = Debug|Any CPU
		{17C2BE58-C235-40C1-8420-BE432020D612}.Ad-Hoc|iPhoneSimulator.ActiveCfg = Debug|Any CPU
		{17C2BE58-C235-40C1-8420-BE432020D612}.Ad-Hoc|iPhoneSimulator.Build.0 = Debug|Any CPU
		{17C2BE58-C235-40C1-8420-BE432020D612}.Ad-Hoc|iPhoneSimulator.Deploy.0 = Debug|Any CPU
		{17C2BE58-C235-40C1-8420-BE432020D612}.Ad-Hoc|x64.ActiveCfg = Debug|Any CPU
		{17C2BE58-C235-40C1-8420-BE432020D612}.Ad-Hoc|x64.Build.0 = Debug|Any CPU
		{17C2BE58-C235-40C1-8420-BE432020D612}.Ad-Hoc|x64.Deploy.0 = Debug|Any CPU
		{17C2BE58-C235-40C1-8420-BE432020D612}.Ad-Hoc|x86.ActiveCfg = Debug|Any CPU
		{17C2BE58-C235-40C1-8420-BE432020D612}.Ad-Hoc|x86.Build.0 = Debug|Any CPU
		{17C2BE58-C235-40C1-8420-BE432020D612}.Ad-Hoc|x86.Deploy.0 = Debug|Any CPU
		{17C2BE58-C235-40C1-8420-BE432020D612}.AppStore|Any CPU.ActiveCfg = Debug|Any CPU
		{17C2BE58-C235-40C1-8420-BE432020D612}.AppStore|Any CPU.Build.0 = Debug|Any CPU
		{17C2BE58-C235-40C1-8420-BE432020D612}.AppStore|Any CPU.Deploy.0 = Debug|Any CPU
		{17C2BE58-C235-40C1-8420-BE432020D612}.AppStore|ARM.ActiveCfg = Debug|Any CPU
		{17C2BE58-C235-40C1-8420-BE432020D612}.AppStore|ARM.Build.0 = Debug|Any CPU
		{17C2BE58-C235-40C1-8420-BE432020D612}.AppStore|ARM.Deploy.0 = Debug|Any CPU
		{17C2BE58-C235-40C1-8420-BE432020D612}.AppStore|iPhone.ActiveCfg = Debug|Any CPU
		{17C2BE58-C235-40C1-8420-BE432020D612}.AppStore|iPhone.Build.0 = Debug|Any CPU
		{17C2BE58-C235-40C1-8420-BE432020D612}.AppStore|iPhone.Deploy.0 = Debug|Any CPU
		{17C2BE58-C235-40C1-8420-BE432020D612}.AppStore|iPhoneSimulator.ActiveCfg = Debug|Any CPU
		{17C2BE58-C235-40C1-8420-BE432020D612}.AppStore|iPhoneSimulator.Build.0 = Debug|Any CPU
		{17C2BE58-C235-40C1-8420-BE432020D612}.AppStore|iPhoneSimulator.Deploy.0 = Debug|Any CPU
		{17C2BE58-C235-40C1-8420-BE432020D612}.AppStore|x64.ActiveCfg = Debug|Any CPU
		{17C2BE58-C235-40C1-8420-BE432020D612}.AppStore|x64.Build.0 = Debug|Any CPU
		{17C2BE58-C235-40C1-8420-BE432020D612}.AppStore|x64.Deploy.0 = Debug|Any CPU
		{17C2BE58-C235-40C1-8420-BE432020D612}.AppStore|x86.ActiveCfg = Debug|Any CPU
		{17C2BE58-C235-40C1-8420-BE432020D612}.AppStore|x86.Build.0 = Debug|Any CPU
		{17C2BE58-C235-40C1-8420-BE432020D612}.AppStore|x86.Deploy.0 = Debug|Any CPU
		{17C2BE58-C235-40C1-8420-BE432020D612}.Debug|Any CPU.ActiveCfg = Debug|Any CPU
		{17C2BE58-C235-40C1-8420-BE432020D612}.Debug|Any CPU.Build.0 = Debug|Any CPU
		{17C2BE58-C235-40C1-8420-BE432020D612}.Debug|Any CPU.Deploy.0 = Debug|Any CPU
		{17C2BE58-C235-40C1-8420-BE432020D612}.Debug|ARM.ActiveCfg = Debug|Any CPU
		{17C2BE58-C235-40C1-8420-BE432020D612}.Debug|ARM.Build.0 = Debug|Any CPU
		{17C2BE58-C235-40C1-8420-BE432020D612}.Debug|ARM.Deploy.0 = Debug|Any CPU
		{17C2BE58-C235-40C1-8420-BE432020D612}.Debug|iPhone.ActiveCfg = Debug|Any CPU
		{17C2BE58-C235-40C1-8420-BE432020D612}.Debug|iPhone.Build.0 = Debug|Any CPU
		{17C2BE58-C235-40C1-8420-BE432020D612}.Debug|iPhone.Deploy.0 = Debug|Any CPU
		{17C2BE58-C235-40C1-8420-BE432020D612}.Debug|iPhoneSimulator.ActiveCfg = Debug|Any CPU
		{17C2BE58-C235-40C1-8420-BE432020D612}.Debug|iPhoneSimulator.Build.0 = Debug|Any CPU
		{17C2BE58-C235-40C1-8420-BE432020D612}.Debug|iPhoneSimulator.Deploy.0 = Debug|Any CPU
		{17C2BE58-C235-40C1-8420-BE432020D612}.Debug|x64.ActiveCfg = Debug|Any CPU
		{17C2BE58-C235-40C1-8420-BE432020D612}.Debug|x64.Build.0 = Debug|Any CPU
		{17C2BE58-C235-40C1-8420-BE432020D612}.Debug|x64.Deploy.0 = Debug|Any CPU
		{17C2BE58-C235-40C1-8420-BE432020D612}.Debug|x86.ActiveCfg = Debug|Any CPU
		{17C2BE58-C235-40C1-8420-BE432020D612}.Debug|x86.Build.0 = Debug|Any CPU
		{17C2BE58-C235-40C1-8420-BE432020D612}.Debug|x86.Deploy.0 = Debug|Any CPU
		{17C2BE58-C235-40C1-8420-BE432020D612}.Release|Any CPU.ActiveCfg = Release|Any CPU
		{17C2BE58-C235-40C1-8420-BE432020D612}.Release|Any CPU.Build.0 = Release|Any CPU
		{17C2BE58-C235-40C1-8420-BE432020D612}.Release|Any CPU.Deploy.0 = Release|Any CPU
		{17C2BE58-C235-40C1-8420-BE432020D612}.Release|ARM.ActiveCfg = Release|Any CPU
		{17C2BE58-C235-40C1-8420-BE432020D612}.Release|ARM.Build.0 = Release|Any CPU
		{17C2BE58-C235-40C1-8420-BE432020D612}.Release|ARM.Deploy.0 = Release|Any CPU
		{17C2BE58-C235-40C1-8420-BE432020D612}.Release|iPhone.ActiveCfg = Release|Any CPU
		{17C2BE58-C235-40C1-8420-BE432020D612}.Release|iPhone.Build.0 = Release|Any CPU
		{17C2BE58-C235-40C1-8420-BE432020D612}.Release|iPhone.Deploy.0 = Release|Any CPU
		{17C2BE58-C235-40C1-8420-BE432020D612}.Release|iPhoneSimulator.ActiveCfg = Release|Any CPU
		{17C2BE58-C235-40C1-8420-BE432020D612}.Release|iPhoneSimulator.Build.0 = Release|Any CPU
		{17C2BE58-C235-40C1-8420-BE432020D612}.Release|iPhoneSimulator.Deploy.0 = Release|Any CPU
		{17C2BE58-C235-40C1-8420-BE432020D612}.Release|x64.ActiveCfg = Release|Any CPU
		{17C2BE58-C235-40C1-8420-BE432020D612}.Release|x64.Build.0 = Release|Any CPU
		{17C2BE58-C235-40C1-8420-BE432020D612}.Release|x64.Deploy.0 = Release|Any CPU
		{17C2BE58-C235-40C1-8420-BE432020D612}.Release|x86.ActiveCfg = Release|Any CPU
		{17C2BE58-C235-40C1-8420-BE432020D612}.Release|x86.Build.0 = Release|Any CPU
		{17C2BE58-C235-40C1-8420-BE432020D612}.Release|x86.Deploy.0 = Release|Any CPU
	EndGlobalSection
	GlobalSection(SolutionProperties) = preSolution
		HideSolutionNode = FALSE
	EndGlobalSection
	GlobalSection(ExtensibilityGlobals) = postSolution
		SolutionGuid = {A79FD94C-786B-49BA-B54C-B9CFC49B8E1D}
	EndGlobalSection
EndGlobal
