
Microsoft Visual Studio Solution File, Format Version 12.00
# Visual Studio 15
VisualStudioVersion = 15.0.27703.2026
MinimumVisualStudioVersion = 10.0.40219.1
Project("{FAE04EC0-301F-11D3-BF4B-00C04F79EFBC}") = "Views.Android", "Views\Views.Android\Views.Android.csproj", "{F7B5F078-0B87-4418-BE29-2850D61D92AA}"
EndProject
Project("{FAE04EC0-301F-11D3-BF4B-00C04F79EFBC}") = "Views.iOS", "Views\Views.iOS\Views.iOS.csproj", "{E5797A69-91F4-4D7B-A1AD-BEDA3C149E8F}"
EndProject
Project("{FAE04EC0-301F-11D3-BF4B-00C04F79EFBC}") = "Views.UWP", "Views\Views.UWP\Views.UWP.csproj", "{D47F21A1-9B60-4CDF-9662-B6D5DC00BD98}"
EndProject
Project("{FAE04EC0-301F-11D3-BF4B-00C04F79EFBC}") = "Views", "Views\Views\Views.csproj", "{92CB50A3-BD26-4AA5-A12F-133E55CCD87E}"
EndProject
Global
	GlobalSection(SolutionConfigurationPlatforms) = preSolution
		Ad-Hoc|Any CPU = Ad-Hoc|Any CPU
		Ad-Hoc|ARM = Ad-Hoc|ARM
		Ad-Hoc|iPhone = Ad-Hoc|iPhone
		Ad-Hoc|iPhoneSimulator = Ad-Hoc|iPhoneSimulator
		Ad-Hoc|x64 = Ad-Hoc|x64
		Ad-Hoc|x86 = Ad-Hoc|x86
		AppStore|Any CPU = AppStore|Any CPU
		AppStore|ARM = AppStore|ARM
		AppStore|iPhone = AppStore|iPhone
		AppStore|iPhoneSimulator = AppStore|iPhoneSimulator
		AppStore|x64 = AppStore|x64
		AppStore|x86 = AppStore|x86
		Debug|Any CPU = Debug|Any CPU
		Debug|ARM = Debug|ARM
		Debug|iPhone = Debug|iPhone
		Debug|iPhoneSimulator = Debug|iPhoneSimulator
		Debug|x64 = Debug|x64
		Debug|x86 = Debug|x86
		Release|Any CPU = Release|Any CPU
		Release|ARM = Release|ARM
		Release|iPhone = Release|iPhone
		Release|iPhoneSimulator = Release|iPhoneSimulator
		Release|x64 = Release|x64
		Release|x86 = Release|x86
	EndGlobalSection
	GlobalSection(ProjectConfigurationPlatforms) = postSolution
		{F7B5F078-0B87-4418-BE29-2850D61D92AA}.Ad-Hoc|Any CPU.ActiveCfg = Release|Any CPU
		{F7B5F078-0B87-4418-BE29-2850D61D92AA}.Ad-Hoc|Any CPU.Build.0 = Release|Any CPU
		{F7B5F078-0B87-4418-BE29-2850D61D92AA}.Ad-Hoc|Any CPU.Deploy.0 = Release|Any CPU
		{F7B5F078-0B87-4418-BE29-2850D61D92AA}.Ad-Hoc|ARM.ActiveCfg = Release|Any CPU
		{F7B5F078-0B87-4418-BE29-2850D61D92AA}.Ad-Hoc|ARM.Build.0 = Release|Any CPU
		{F7B5F078-0B87-4418-BE29-2850D61D92AA}.Ad-Hoc|ARM.Deploy.0 = Release|Any CPU
		{F7B5F078-0B87-4418-BE29-2850D61D92AA}.Ad-Hoc|iPhone.ActiveCfg = Release|Any CPU
		{F7B5F078-0B87-4418-BE29-2850D61D92AA}.Ad-Hoc|iPhone.Build.0 = Release|Any CPU
		{F7B5F078-0B87-4418-BE29-2850D61D92AA}.Ad-Hoc|iPhone.Deploy.0 = Release|Any CPU
		{F7B5F078-0B87-4418-BE29-2850D61D92AA}.Ad-Hoc|iPhoneSimulator.ActiveCfg = Release|Any CPU
		{F7B5F078-0B87-4418-BE29-2850D61D92AA}.Ad-Hoc|iPhoneSimulator.Build.0 = Release|Any CPU
		{F7B5F078-0B87-4418-BE29-2850D61D92AA}.Ad-Hoc|iPhoneSimulator.Deploy.0 = Release|Any CPU
		{F7B5F078-0B87-4418-BE29-2850D61D92AA}.Ad-Hoc|x64.ActiveCfg = Release|Any CPU
		{F7B5F078-0B87-4418-BE29-2850D61D92AA}.Ad-Hoc|x64.Build.0 = Release|Any CPU
		{F7B5F078-0B87-4418-BE29-2850D61D92AA}.Ad-Hoc|x64.Deploy.0 = Release|Any CPU
		{F7B5F078-0B87-4418-BE29-2850D61D92AA}.Ad-Hoc|x86.ActiveCfg = Release|Any CPU
		{F7B5F078-0B87-4418-BE29-2850D61D92AA}.Ad-Hoc|x86.Build.0 = Release|Any CPU
		{F7B5F078-0B87-4418-BE29-2850D61D92AA}.Ad-Hoc|x86.Deploy.0 = Release|Any CPU
		{F7B5F078-0B87-4418-BE29-2850D61D92AA}.AppStore|Any CPU.ActiveCfg = Release|Any CPU
		{F7B5F078-0B87-4418-BE29-2850D61D92AA}.AppStore|Any CPU.Build.0 = Release|Any CPU
		{F7B5F078-0B87-4418-BE29-2850D61D92AA}.AppStore|Any CPU.Deploy.0 = Release|Any CPU
		{F7B5F078-0B87-4418-BE29-2850D61D92AA}.AppStore|ARM.ActiveCfg = Release|Any CPU
		{F7B5F078-0B87-4418-BE29-2850D61D92AA}.AppStore|ARM.Build.0 = Release|Any CPU
		{F7B5F078-0B87-4418-BE29-2850D61D92AA}.AppStore|ARM.Deploy.0 = Release|Any CPU
		{F7B5F078-0B87-4418-BE29-2850D61D92AA}.AppStore|iPhone.ActiveCfg = Release|Any CPU
		{F7B5F078-0B87-4418-BE29-2850D61D92AA}.AppStore|iPhone.Build.0 = Release|Any CPU
		{F7B5F078-0B87-4418-BE29-2850D61D92AA}.AppStore|iPhone.Deploy.0 = Release|Any CPU
		{F7B5F078-0B87-4418-BE29-2850D61D92AA}.AppStore|iPhoneSimulator.ActiveCfg = Release|Any CPU
		{F7B5F078-0B87-4418-BE29-2850D61D92AA}.AppStore|iPhoneSimulator.Build.0 = Release|Any CPU
		{F7B5F078-0B87-4418-BE29-2850D61D92AA}.AppStore|iPhoneSimulator.Deploy.0 = Release|Any CPU
		{F7B5F078-0B87-4418-BE29-2850D61D92AA}.AppStore|x64.ActiveCfg = Release|Any CPU
		{F7B5F078-0B87-4418-BE29-2850D61D92AA}.AppStore|x64.Build.0 = Release|Any CPU
		{F7B5F078-0B87-4418-BE29-2850D61D92AA}.AppStore|x64.Deploy.0 = Release|Any CPU
		{F7B5F078-0B87-4418-BE29-2850D61D92AA}.AppStore|x86.ActiveCfg = Release|Any CPU
		{F7B5F078-0B87-4418-BE29-2850D61D92AA}.AppStore|x86.Build.0 = Release|Any CPU
		{F7B5F078-0B87-4418-BE29-2850D61D92AA}.AppStore|x86.Deploy.0 = Release|Any CPU
		{F7B5F078-0B87-4418-BE29-2850D61D92AA}.Debug|Any CPU.ActiveCfg = Debug|Any CPU
		{F7B5F078-0B87-4418-BE29-2850D61D92AA}.Debug|Any CPU.Build.0 = Debug|Any CPU
		{F7B5F078-0B87-4418-BE29-2850D61D92AA}.Debug|Any CPU.Deploy.0 = Debug|Any CPU
		{F7B5F078-0B87-4418-BE29-2850D61D92AA}.Debug|ARM.ActiveCfg = Debug|Any CPU
		{F7B5F078-0B87-4418-BE29-2850D61D92AA}.Debug|ARM.Build.0 = Debug|Any CPU
		{F7B5F078-0B87-4418-BE29-2850D61D92AA}.Debug|ARM.Deploy.0 = Debug|Any CPU
		{F7B5F078-0B87-4418-BE29-2850D61D92AA}.Debug|iPhone.ActiveCfg = Debug|Any CPU
		{F7B5F078-0B87-4418-BE29-2850D61D92AA}.Debug|iPhone.Build.0 = Debug|Any CPU
		{F7B5F078-0B87-4418-BE29-2850D61D92AA}.Debug|iPhone.Deploy.0 = Debug|Any CPU
		{F7B5F078-0B87-4418-BE29-2850D61D92AA}.Debug|iPhoneSimulator.ActiveCfg = Debug|Any CPU
		{F7B5F078-0B87-4418-BE29-2850D61D92AA}.Debug|iPhoneSimulator.Build.0 = Debug|Any CPU
		{F7B5F078-0B87-4418-BE29-2850D61D92AA}.Debug|iPhoneSimulator.Deploy.0 = Debug|Any CPU
		{F7B5F078-0B87-4418-BE29-2850D61D92AA}.Debug|x64.ActiveCfg = Debug|Any CPU
		{F7B5F078-0B87-4418-BE29-2850D61D92AA}.Debug|x64.Build.0 = Debug|Any CPU
		{F7B5F078-0B87-4418-BE29-2850D61D92AA}.Debug|x64.Deploy.0 = Debug|Any CPU
		{F7B5F078-0B87-4418-BE29-2850D61D92AA}.Debug|x86.ActiveCfg = Debug|Any CPU
		{F7B5F078-0B87-4418-BE29-2850D61D92AA}.Debug|x86.Build.0 = Debug|Any CPU
		{F7B5F078-0B87-4418-BE29-2850D61D92AA}.Debug|x86.Deploy.0 = Debug|Any CPU
		{F7B5F078-0B87-4418-BE29-2850D61D92AA}.Release|Any CPU.ActiveCfg = Release|Any CPU
		{F7B5F078-0B87-4418-BE29-2850D61D92AA}.Release|Any CPU.Build.0 = Release|Any CPU
		{F7B5F078-0B87-4418-BE29-2850D61D92AA}.Release|Any CPU.Deploy.0 = Release|Any CPU
		{F7B5F078-0B87-4418-BE29-2850D61D92AA}.Release|ARM.ActiveCfg = Release|Any CPU
		{F7B5F078-0B87-4418-BE29-2850D61D92AA}.Release|ARM.Build.0 = Release|Any CPU
		{F7B5F078-0B87-4418-BE29-2850D61D92AA}.Release|ARM.Deploy.0 = Release|Any CPU
		{F7B5F078-0B87-4418-BE29-2850D61D92AA}.Release|iPhone.ActiveCfg = Release|Any CPU
		{F7B5F078-0B87-4418-BE29-2850D61D92AA}.Release|iPhone.Build.0 = Release|Any CPU
		{F7B5F078-0B87-4418-BE29-2850D61D92AA}.Release|iPhone.Deploy.0 = Release|Any CPU
		{F7B5F078-0B87-4418-BE29-2850D61D92AA}.Release|iPhoneSimulator.ActiveCfg = Release|Any CPU
		{F7B5F078-0B87-4418-BE29-2850D61D92AA}.Release|iPhoneSimulator.Build.0 = Release|Any CPU
		{F7B5F078-0B87-4418-BE29-2850D61D92AA}.Release|iPhoneSimulator.Deploy.0 = Release|Any CPU
		{F7B5F078-0B87-4418-BE29-2850D61D92AA}.Release|x64.ActiveCfg = Release|Any CPU
		{F7B5F078-0B87-4418-BE29-2850D61D92AA}.Release|x64.Build.0 = Release|Any CPU
		{F7B5F078-0B87-4418-BE29-2850D61D92AA}.Release|x64.Deploy.0 = Release|Any CPU
		{F7B5F078-0B87-4418-BE29-2850D61D92AA}.Release|x86.ActiveCfg = Release|Any CPU
		{F7B5F078-0B87-4418-BE29-2850D61D92AA}.Release|x86.Build.0 = Release|Any CPU
		{F7B5F078-0B87-4418-BE29-2850D61D92AA}.Release|x86.Deploy.0 = Release|Any CPU
		{E5797A69-91F4-4D7B-A1AD-BEDA3C149E8F}.Ad-Hoc|Any CPU.ActiveCfg = Ad-Hoc|iPhone
		{E5797A69-91F4-4D7B-A1AD-BEDA3C149E8F}.Ad-Hoc|Any CPU.Build.0 = Ad-Hoc|iPhone
		{E5797A69-91F4-4D7B-A1AD-BEDA3C149E8F}.Ad-Hoc|Any CPU.Deploy.0 = Ad-Hoc|iPhone
		{E5797A69-91F4-4D7B-A1AD-BEDA3C149E8F}.Ad-Hoc|ARM.ActiveCfg = Ad-Hoc|iPhone
		{E5797A69-91F4-4D7B-A1AD-BEDA3C149E8F}.Ad-Hoc|ARM.Build.0 = Ad-Hoc|iPhone
		{E5797A69-91F4-4D7B-A1AD-BEDA3C149E8F}.Ad-Hoc|ARM.Deploy.0 = Ad-Hoc|iPhone
		{E5797A69-91F4-4D7B-A1AD-BEDA3C149E8F}.Ad-Hoc|iPhone.ActiveCfg = Ad-Hoc|iPhone
		{E5797A69-91F4-4D7B-A1AD-BEDA3C149E8F}.Ad-Hoc|iPhone.Build.0 = Ad-Hoc|iPhone
		{E5797A69-91F4-4D7B-A1AD-BEDA3C149E8F}.Ad-Hoc|iPhone.Deploy.0 = Ad-Hoc|iPhone
		{E5797A69-91F4-4D7B-A1AD-BEDA3C149E8F}.Ad-Hoc|iPhoneSimulator.ActiveCfg = Ad-Hoc|iPhoneSimulator
		{E5797A69-91F4-4D7B-A1AD-BEDA3C149E8F}.Ad-Hoc|iPhoneSimulator.Build.0 = Ad-Hoc|iPhoneSimulator
		{E5797A69-91F4-4D7B-A1AD-BEDA3C149E8F}.Ad-Hoc|iPhoneSimulator.Deploy.0 = Ad-Hoc|iPhoneSimulator
		{E5797A69-91F4-4D7B-A1AD-BEDA3C149E8F}.Ad-Hoc|x64.ActiveCfg = Ad-Hoc|iPhone
		{E5797A69-91F4-4D7B-A1AD-BEDA3C149E8F}.Ad-Hoc|x64.Build.0 = Ad-Hoc|iPhone
		{E5797A69-91F4-4D7B-A1AD-BEDA3C149E8F}.Ad-Hoc|x64.Deploy.0 = Ad-Hoc|iPhone
		{E5797A69-91F4-4D7B-A1AD-BEDA3C149E8F}.Ad-Hoc|x86.ActiveCfg = Ad-Hoc|iPhone
		{E5797A69-91F4-4D7B-A1AD-BEDA3C149E8F}.Ad-Hoc|x86.Build.0 = Ad-Hoc|iPhone
		{E5797A69-91F4-4D7B-A1AD-BEDA3C149E8F}.Ad-Hoc|x86.Deploy.0 = Ad-Hoc|iPhone
		{E5797A69-91F4-4D7B-A1AD-BEDA3C149E8F}.AppStore|Any CPU.ActiveCfg = AppStore|iPhone
		{E5797A69-91F4-4D7B-A1AD-BEDA3C149E8F}.AppStore|Any CPU.Build.0 = AppStore|iPhone
		{E5797A69-91F4-4D7B-A1AD-BEDA3C149E8F}.AppStore|Any CPU.Deploy.0 = AppStore|iPhone
		{E5797A69-91F4-4D7B-A1AD-BEDA3C149E8F}.AppStore|ARM.ActiveCfg = AppStore|iPhone
		{E5797A69-91F4-4D7B-A1AD-BEDA3C149E8F}.AppStore|ARM.Build.0 = AppStore|iPhone
		{E5797A69-91F4-4D7B-A1AD-BEDA3C149E8F}.AppStore|ARM.Deploy.0 = AppStore|iPhone
		{E5797A69-91F4-4D7B-A1AD-BEDA3C149E8F}.AppStore|iPhone.ActiveCfg = AppStore|iPhone
		{E5797A69-91F4-4D7B-A1AD-BEDA3C149E8F}.AppStore|iPhone.Build.0 = AppStore|iPhone
		{E5797A69-91F4-4D7B-A1AD-BEDA3C149E8F}.AppStore|iPhone.Deploy.0 = AppStore|iPhone
		{E5797A69-91F4-4D7B-A1AD-BEDA3C149E8F}.AppStore|iPhoneSimulator.ActiveCfg = AppStore|iPhoneSimulator
		{E5797A69-91F4-4D7B-A1AD-BEDA3C149E8F}.AppStore|iPhoneSimulator.Build.0 = AppStore|iPhoneSimulator
		{E5797A69-91F4-4D7B-A1AD-BEDA3C149E8F}.AppStore|iPhoneSimulator.Deploy.0 = AppStore|iPhoneSimulator
		{E5797A69-91F4-4D7B-A1AD-BEDA3C149E8F}.AppStore|x64.ActiveCfg = AppStore|iPhone
		{E5797A69-91F4-4D7B-A1AD-BEDA3C149E8F}.AppStore|x64.Build.0 = AppStore|iPhone
		{E5797A69-91F4-4D7B-A1AD-BEDA3C149E8F}.AppStore|x64.Deploy.0 = AppStore|iPhone
		{E5797A69-91F4-4D7B-A1AD-BEDA3C149E8F}.AppStore|x86.ActiveCfg = AppStore|iPhone
		{E5797A69-91F4-4D7B-A1AD-BEDA3C149E8F}.AppStore|x86.Build.0 = AppStore|iPhone
		{E5797A69-91F4-4D7B-A1AD-BEDA3C149E8F}.AppStore|x86.Deploy.0 = AppStore|iPhone
		{E5797A69-91F4-4D7B-A1AD-BEDA3C149E8F}.Debug|Any CPU.ActiveCfg = Debug|iPhoneSimulator
		{E5797A69-91F4-4D7B-A1AD-BEDA3C149E8F}.Debug|Any CPU.Build.0 = Debug|iPhoneSimulator
		{E5797A69-91F4-4D7B-A1AD-BEDA3C149E8F}.Debug|Any CPU.Deploy.0 = Debug|iPhoneSimulator
		{E5797A69-91F4-4D7B-A1AD-BEDA3C149E8F}.Debug|ARM.ActiveCfg = Debug|iPhone
		{E5797A69-91F4-4D7B-A1AD-BEDA3C149E8F}.Debug|ARM.Build.0 = Debug|iPhone
		{E5797A69-91F4-4D7B-A1AD-BEDA3C149E8F}.Debug|ARM.Deploy.0 = Debug|iPhone
		{E5797A69-91F4-4D7B-A1AD-BEDA3C149E8F}.Debug|iPhone.ActiveCfg = Debug|iPhone
		{E5797A69-91F4-4D7B-A1AD-BEDA3C149E8F}.Debug|iPhone.Build.0 = Debug|iPhone
		{E5797A69-91F4-4D7B-A1AD-BEDA3C149E8F}.Debug|iPhone.Deploy.0 = Debug|iPhone
		{E5797A69-91F4-4D7B-A1AD-BEDA3C149E8F}.Debug|iPhoneSimulator.ActiveCfg = Debug|iPhoneSimulator
		{E5797A69-91F4-4D7B-A1AD-BEDA3C149E8F}.Debug|iPhoneSimulator.Build.0 = Debug|iPhoneSimulator
		{E5797A69-91F4-4D7B-A1AD-BEDA3C149E8F}.Debug|iPhoneSimulator.Deploy.0 = Debug|iPhoneSimulator
		{E5797A69-91F4-4D7B-A1AD-BEDA3C149E8F}.Debug|x64.ActiveCfg = Debug|iPhone
		{E5797A69-91F4-4D7B-A1AD-BEDA3C149E8F}.Debug|x64.Build.0 = Debug|iPhone
		{E5797A69-91F4-4D7B-A1AD-BEDA3C149E8F}.Debug|x64.Deploy.0 = Debug|iPhone
		{E5797A69-91F4-4D7B-A1AD-BEDA3C149E8F}.Debug|x86.ActiveCfg = Debug|iPhone
		{E5797A69-91F4-4D7B-A1AD-BEDA3C149E8F}.Debug|x86.Build.0 = Debug|iPhone
		{E5797A69-91F4-4D7B-A1AD-BEDA3C149E8F}.Debug|x86.Deploy.0 = Debug|iPhone
		{E5797A69-91F4-4D7B-A1AD-BEDA3C149E8F}.Release|Any CPU.ActiveCfg = Release|iPhone
		{E5797A69-91F4-4D7B-A1AD-BEDA3C149E8F}.Release|Any CPU.Build.0 = Release|iPhone
		{E5797A69-91F4-4D7B-A1AD-BEDA3C149E8F}.Release|Any CPU.Deploy.0 = Release|iPhone
		{E5797A69-91F4-4D7B-A1AD-BEDA3C149E8F}.Release|ARM.ActiveCfg = Release|iPhone
		{E5797A69-91F4-4D7B-A1AD-BEDA3C149E8F}.Release|ARM.Build.0 = Release|iPhone
		{E5797A69-91F4-4D7B-A1AD-BEDA3C149E8F}.Release|ARM.Deploy.0 = Release|iPhone
		{E5797A69-91F4-4D7B-A1AD-BEDA3C149E8F}.Release|iPhone.ActiveCfg = Release|iPhone
		{E5797A69-91F4-4D7B-A1AD-BEDA3C149E8F}.Release|iPhone.Build.0 = Release|iPhone
		{E5797A69-91F4-4D7B-A1AD-BEDA3C149E8F}.Release|iPhone.Deploy.0 = Release|iPhone
		{E5797A69-91F4-4D7B-A1AD-BEDA3C149E8F}.Release|iPhoneSimulator.ActiveCfg = Release|iPhoneSimulator
		{E5797A69-91F4-4D7B-A1AD-BEDA3C149E8F}.Release|iPhoneSimulator.Build.0 = Release|iPhoneSimulator
		{E5797A69-91F4-4D7B-A1AD-BEDA3C149E8F}.Release|iPhoneSimulator.Deploy.0 = Release|iPhoneSimulator
		{E5797A69-91F4-4D7B-A1AD-BEDA3C149E8F}.Release|x64.ActiveCfg = Release|iPhone
		{E5797A69-91F4-4D7B-A1AD-BEDA3C149E8F}.Release|x64.Build.0 = Release|iPhone
		{E5797A69-91F4-4D7B-A1AD-BEDA3C149E8F}.Release|x64.Deploy.0 = Release|iPhone
		{E5797A69-91F4-4D7B-A1AD-BEDA3C149E8F}.Release|x86.ActiveCfg = Release|iPhone
		{E5797A69-91F4-4D7B-A1AD-BEDA3C149E8F}.Release|x86.Build.0 = Release|iPhone
		{E5797A69-91F4-4D7B-A1AD-BEDA3C149E8F}.Release|x86.Deploy.0 = Release|iPhone
		{D47F21A1-9B60-4CDF-9662-B6D5DC00BD98}.Ad-Hoc|Any CPU.ActiveCfg = Release|x86
		{D47F21A1-9B60-4CDF-9662-B6D5DC00BD98}.Ad-Hoc|Any CPU.Build.0 = Release|x86
		{D47F21A1-9B60-4CDF-9662-B6D5DC00BD98}.Ad-Hoc|Any CPU.Deploy.0 = Release|x86
		{D47F21A1-9B60-4CDF-9662-B6D5DC00BD98}.Ad-Hoc|ARM.ActiveCfg = Release|ARM
		{D47F21A1-9B60-4CDF-9662-B6D5DC00BD98}.Ad-Hoc|ARM.Build.0 = Release|ARM
		{D47F21A1-9B60-4CDF-9662-B6D5DC00BD98}.Ad-Hoc|ARM.Deploy.0 = Release|ARM
		{D47F21A1-9B60-4CDF-9662-B6D5DC00BD98}.Ad-Hoc|iPhone.ActiveCfg = Release|x86
		{D47F21A1-9B60-4CDF-9662-B6D5DC00BD98}.Ad-Hoc|iPhone.Build.0 = Release|x86
		{D47F21A1-9B60-4CDF-9662-B6D5DC00BD98}.Ad-Hoc|iPhone.Deploy.0 = Release|x86
		{D47F21A1-9B60-4CDF-9662-B6D5DC00BD98}.Ad-Hoc|iPhoneSimulator.ActiveCfg = Release|x86
		{D47F21A1-9B60-4CDF-9662-B6D5DC00BD98}.Ad-Hoc|iPhoneSimulator.Build.0 = Release|x86
		{D47F21A1-9B60-4CDF-9662-B6D5DC00BD98}.Ad-Hoc|iPhoneSimulator.Deploy.0 = Release|x86
		{D47F21A1-9B60-4CDF-9662-B6D5DC00BD98}.Ad-Hoc|x64.ActiveCfg = Release|x64
		{D47F21A1-9B60-4CDF-9662-B6D5DC00BD98}.Ad-Hoc|x64.Build.0 = Release|x64
		{D47F21A1-9B60-4CDF-9662-B6D5DC00BD98}.Ad-Hoc|x64.Deploy.0 = Release|x64
		{D47F21A1-9B60-4CDF-9662-B6D5DC00BD98}.Ad-Hoc|x86.ActiveCfg = Release|x86
		{D47F21A1-9B60-4CDF-9662-B6D5DC00BD98}.Ad-Hoc|x86.Build.0 = Release|x86
		{D47F21A1-9B60-4CDF-9662-B6D5DC00BD98}.Ad-Hoc|x86.Deploy.0 = Release|x86
		{D47F21A1-9B60-4CDF-9662-B6D5DC00BD98}.AppStore|Any CPU.ActiveCfg = Release|x86
		{D47F21A1-9B60-4CDF-9662-B6D5DC00BD98}.AppStore|Any CPU.Build.0 = Release|x86
		{D47F21A1-9B60-4CDF-9662-B6D5DC00BD98}.AppStore|Any CPU.Deploy.0 = Release|x86
		{D47F21A1-9B60-4CDF-9662-B6D5DC00BD98}.AppStore|ARM.ActiveCfg = Release|ARM
		{D47F21A1-9B60-4CDF-9662-B6D5DC00BD98}.AppStore|ARM.Build.0 = Release|ARM
		{D47F21A1-9B60-4CDF-9662-B6D5DC00BD98}.AppStore|ARM.Deploy.0 = Release|ARM
		{D47F21A1-9B60-4CDF-9662-B6D5DC00BD98}.AppStore|iPhone.ActiveCfg = Release|x86
		{D47F21A1-9B60-4CDF-9662-B6D5DC00BD98}.AppStore|iPhone.Build.0 = Release|x86
		{D47F21A1-9B60-4CDF-9662-B6D5DC00BD98}.AppStore|iPhone.Deploy.0 = Release|x86
		{D47F21A1-9B60-4CDF-9662-B6D5DC00BD98}.AppStore|iPhoneSimulator.ActiveCfg = Release|x86
		{D47F21A1-9B60-4CDF-9662-B6D5DC00BD98}.AppStore|iPhoneSimulator.Build.0 = Release|x86
		{D47F21A1-9B60-4CDF-9662-B6D5DC00BD98}.AppStore|iPhoneSimulator.Deploy.0 = Release|x86
		{D47F21A1-9B60-4CDF-9662-B6D5DC00BD98}.AppStore|x64.ActiveCfg = Release|x64
		{D47F21A1-9B60-4CDF-9662-B6D5DC00BD98}.AppStore|x64.Build.0 = Release|x64
		{D47F21A1-9B60-4CDF-9662-B6D5DC00BD98}.AppStore|x64.Deploy.0 = Release|x64
		{D47F21A1-9B60-4CDF-9662-B6D5DC00BD98}.AppStore|x86.ActiveCfg = Release|x86
		{D47F21A1-9B60-4CDF-9662-B6D5DC00BD98}.AppStore|x86.Build.0 = Release|x86
		{D47F21A1-9B60-4CDF-9662-B6D5DC00BD98}.AppStore|x86.Deploy.0 = Release|x86
		{D47F21A1-9B60-4CDF-9662-B6D5DC00BD98}.Debug|Any CPU.ActiveCfg = Debug|x86
		{D47F21A1-9B60-4CDF-9662-B6D5DC00BD98}.Debug|Any CPU.Build.0 = Debug|x86
		{D47F21A1-9B60-4CDF-9662-B6D5DC00BD98}.Debug|Any CPU.Deploy.0 = Debug|x86
		{D47F21A1-9B60-4CDF-9662-B6D5DC00BD98}.Debug|ARM.ActiveCfg = Debug|ARM
		{D47F21A1-9B60-4CDF-9662-B6D5DC00BD98}.Debug|ARM.Build.0 = Debug|ARM
		{D47F21A1-9B60-4CDF-9662-B6D5DC00BD98}.Debug|ARM.Deploy.0 = Debug|ARM
		{D47F21A1-9B60-4CDF-9662-B6D5DC00BD98}.Debug|iPhone.ActiveCfg = Debug|x86
		{D47F21A1-9B60-4CDF-9662-B6D5DC00BD98}.Debug|iPhone.Build.0 = Debug|x86
		{D47F21A1-9B60-4CDF-9662-B6D5DC00BD98}.Debug|iPhone.Deploy.0 = Debug|x86
		{D47F21A1-9B60-4CDF-9662-B6D5DC00BD98}.Debug|iPhoneSimulator.ActiveCfg = Debug|x86
		{D47F21A1-9B60-4CDF-9662-B6D5DC00BD98}.Debug|iPhoneSimulator.Build.0 = Debug|x86
		{D47F21A1-9B60-4CDF-9662-B6D5DC00BD98}.Debug|iPhoneSimulator.Deploy.0 = Debug|x86
		{D47F21A1-9B60-4CDF-9662-B6D5DC00BD98}.Debug|x64.ActiveCfg = Debug|x64
		{D47F21A1-9B60-4CDF-9662-B6D5DC00BD98}.Debug|x64.Build.0 = Debug|x64
		{D47F21A1-9B60-4CDF-9662-B6D5DC00BD98}.Debug|x64.Deploy.0 = Debug|x64
		{D47F21A1-9B60-4CDF-9662-B6D5DC00BD98}.Debug|x86.ActiveCfg = Debug|x86
		{D47F21A1-9B60-4CDF-9662-B6D5DC00BD98}.Debug|x86.Build.0 = Debug|x86
		{D47F21A1-9B60-4CDF-9662-B6D5DC00BD98}.Debug|x86.Deploy.0 = Debug|x86
		{D47F21A1-9B60-4CDF-9662-B6D5DC00BD98}.Release|Any CPU.ActiveCfg = Release|x86
		{D47F21A1-9B60-4CDF-9662-B6D5DC00BD98}.Release|Any CPU.Build.0 = Release|x86
		{D47F21A1-9B60-4CDF-9662-B6D5DC00BD98}.Release|Any CPU.Deploy.0 = Release|x86
		{D47F21A1-9B60-4CDF-9662-B6D5DC00BD98}.Release|ARM.ActiveCfg = Release|ARM
		{D47F21A1-9B60-4CDF-9662-B6D5DC00BD98}.Release|ARM.Build.0 = Release|ARM
		{D47F21A1-9B60-4CDF-9662-B6D5DC00BD98}.Release|ARM.Deploy.0 = Release|ARM
		{D47F21A1-9B60-4CDF-9662-B6D5DC00BD98}.Release|iPhone.ActiveCfg = Release|x86
		{D47F21A1-9B60-4CDF-9662-B6D5DC00BD98}.Release|iPhone.Build.0 = Release|x86
		{D47F21A1-9B60-4CDF-9662-B6D5DC00BD98}.Release|iPhone.Deploy.0 = Release|x86
		{D47F21A1-9B60-4CDF-9662-B6D5DC00BD98}.Release|iPhoneSimulator.ActiveCfg = Release|x86
		{D47F21A1-9B60-4CDF-9662-B6D5DC00BD98}.Release|iPhoneSimulator.Build.0 = Release|x86
		{D47F21A1-9B60-4CDF-9662-B6D5DC00BD98}.Release|iPhoneSimulator.Deploy.0 = Release|x86
		{D47F21A1-9B60-4CDF-9662-B6D5DC00BD98}.Release|x64.ActiveCfg = Release|x64
		{D47F21A1-9B60-4CDF-9662-B6D5DC00BD98}.Release|x64.Build.0 = Release|x64
		{D47F21A1-9B60-4CDF-9662-B6D5DC00BD98}.Release|x64.Deploy.0 = Release|x64
		{D47F21A1-9B60-4CDF-9662-B6D5DC00BD98}.Release|x86.ActiveCfg = Release|x86
		{D47F21A1-9B60-4CDF-9662-B6D5DC00BD98}.Release|x86.Build.0 = Release|x86
		{D47F21A1-9B60-4CDF-9662-B6D5DC00BD98}.Release|x86.Deploy.0 = Release|x86
		{92CB50A3-BD26-4AA5-A12F-133E55CCD87E}.Ad-Hoc|Any CPU.ActiveCfg = Debug|Any CPU
		{92CB50A3-BD26-4AA5-A12F-133E55CCD87E}.Ad-Hoc|Any CPU.Build.0 = Debug|Any CPU
		{92CB50A3-BD26-4AA5-A12F-133E55CCD87E}.Ad-Hoc|Any CPU.Deploy.0 = Debug|Any CPU
		{92CB50A3-BD26-4AA5-A12F-133E55CCD87E}.Ad-Hoc|ARM.ActiveCfg = Debug|Any CPU
		{92CB50A3-BD26-4AA5-A12F-133E55CCD87E}.Ad-Hoc|ARM.Build.0 = Debug|Any CPU
		{92CB50A3-BD26-4AA5-A12F-133E55CCD87E}.Ad-Hoc|ARM.Deploy.0 = Debug|Any CPU
		{92CB50A3-BD26-4AA5-A12F-133E55CCD87E}.Ad-Hoc|iPhone.ActiveCfg = Debug|Any CPU
		{92CB50A3-BD26-4AA5-A12F-133E55CCD87E}.Ad-Hoc|iPhone.Build.0 = Debug|Any CPU
		{92CB50A3-BD26-4AA5-A12F-133E55CCD87E}.Ad-Hoc|iPhone.Deploy.0 = Debug|Any CPU
		{92CB50A3-BD26-4AA5-A12F-133E55CCD87E}.Ad-Hoc|iPhoneSimulator.ActiveCfg = Debug|Any CPU
		{92CB50A3-BD26-4AA5-A12F-133E55CCD87E}.Ad-Hoc|iPhoneSimulator.Build.0 = Debug|Any CPU
		{92CB50A3-BD26-4AA5-A12F-133E55CCD87E}.Ad-Hoc|iPhoneSimulator.Deploy.0 = Debug|Any CPU
		{92CB50A3-BD26-4AA5-A12F-133E55CCD87E}.Ad-Hoc|x64.ActiveCfg = Debug|Any CPU
		{92CB50A3-BD26-4AA5-A12F-133E55CCD87E}.Ad-Hoc|x64.Build.0 = Debug|Any CPU
		{92CB50A3-BD26-4AA5-A12F-133E55CCD87E}.Ad-Hoc|x64.Deploy.0 = Debug|Any CPU
		{92CB50A3-BD26-4AA5-A12F-133E55CCD87E}.Ad-Hoc|x86.ActiveCfg = Debug|Any CPU
		{92CB50A3-BD26-4AA5-A12F-133E55CCD87E}.Ad-Hoc|x86.Build.0 = Debug|Any CPU
		{92CB50A3-BD26-4AA5-A12F-133E55CCD87E}.Ad-Hoc|x86.Deploy.0 = Debug|Any CPU
		{92CB50A3-BD26-4AA5-A12F-133E55CCD87E}.AppStore|Any CPU.ActiveCfg = Debug|Any CPU
		{92CB50A3-BD26-4AA5-A12F-133E55CCD87E}.AppStore|Any CPU.Build.0 = Debug|Any CPU
		{92CB50A3-BD26-4AA5-A12F-133E55CCD87E}.AppStore|Any CPU.Deploy.0 = Debug|Any CPU
		{92CB50A3-BD26-4AA5-A12F-133E55CCD87E}.AppStore|ARM.ActiveCfg = Debug|Any CPU
		{92CB50A3-BD26-4AA5-A12F-133E55CCD87E}.AppStore|ARM.Build.0 = Debug|Any CPU
		{92CB50A3-BD26-4AA5-A12F-133E55CCD87E}.AppStore|ARM.Deploy.0 = Debug|Any CPU
		{92CB50A3-BD26-4AA5-A12F-133E55CCD87E}.AppStore|iPhone.ActiveCfg = Debug|Any CPU
		{92CB50A3-BD26-4AA5-A12F-133E55CCD87E}.AppStore|iPhone.Build.0 = Debug|Any CPU
		{92CB50A3-BD26-4AA5-A12F-133E55CCD87E}.AppStore|iPhone.Deploy.0 = Debug|Any CPU
		{92CB50A3-BD26-4AA5-A12F-133E55CCD87E}.AppStore|iPhoneSimulator.ActiveCfg = Debug|Any CPU
		{92CB50A3-BD26-4AA5-A12F-133E55CCD87E}.AppStore|iPhoneSimulator.Build.0 = Debug|Any CPU
		{92CB50A3-BD26-4AA5-A12F-133E55CCD87E}.AppStore|iPhoneSimulator.Deploy.0 = Debug|Any CPU
		{92CB50A3-BD26-4AA5-A12F-133E55CCD87E}.AppStore|x64.ActiveCfg = Debug|Any CPU
		{92CB50A3-BD26-4AA5-A12F-133E55CCD87E}.AppStore|x64.Build.0 = Debug|Any CPU
		{92CB50A3-BD26-4AA5-A12F-133E55CCD87E}.AppStore|x64.Deploy.0 = Debug|Any CPU
		{92CB50A3-BD26-4AA5-A12F-133E55CCD87E}.AppStore|x86.ActiveCfg = Debug|Any CPU
		{92CB50A3-BD26-4AA5-A12F-133E55CCD87E}.AppStore|x86.Build.0 = Debug|Any CPU
		{92CB50A3-BD26-4AA5-A12F-133E55CCD87E}.AppStore|x86.Deploy.0 = Debug|Any CPU
		{92CB50A3-BD26-4AA5-A12F-133E55CCD87E}.Debug|Any CPU.ActiveCfg = Debug|Any CPU
		{92CB50A3-BD26-4AA5-A12F-133E55CCD87E}.Debug|Any CPU.Build.0 = Debug|Any CPU
		{92CB50A3-BD26-4AA5-A12F-133E55CCD87E}.Debug|Any CPU.Deploy.0 = Debug|Any CPU
		{92CB50A3-BD26-4AA5-A12F-133E55CCD87E}.Debug|ARM.ActiveCfg = Debug|Any CPU
		{92CB50A3-BD26-4AA5-A12F-133E55CCD87E}.Debug|ARM.Build.0 = Debug|Any CPU
		{92CB50A3-BD26-4AA5-A12F-133E55CCD87E}.Debug|ARM.Deploy.0 = Debug|Any CPU
		{92CB50A3-BD26-4AA5-A12F-133E55CCD87E}.Debug|iPhone.ActiveCfg = Debug|Any CPU
		{92CB50A3-BD26-4AA5-A12F-133E55CCD87E}.Debug|iPhone.Build.0 = Debug|Any CPU
		{92CB50A3-BD26-4AA5-A12F-133E55CCD87E}.Debug|iPhone.Deploy.0 = Debug|Any CPU
		{92CB50A3-BD26-4AA5-A12F-133E55CCD87E}.Debug|iPhoneSimulator.ActiveCfg = Debug|Any CPU
		{92CB50A3-BD26-4AA5-A12F-133E55CCD87E}.Debug|iPhoneSimulator.Build.0 = Debug|Any CPU
		{92CB50A3-BD26-4AA5-A12F-133E55CCD87E}.Debug|iPhoneSimulator.Deploy.0 = Debug|Any CPU
		{92CB50A3-BD26-4AA5-A12F-133E55CCD87E}.Debug|x64.ActiveCfg = Debug|Any CPU
		{92CB50A3-BD26-4AA5-A12F-133E55CCD87E}.Debug|x64.Build.0 = Debug|Any CPU
		{92CB50A3-BD26-4AA5-A12F-133E55CCD87E}.Debug|x64.Deploy.0 = Debug|Any CPU
		{92CB50A3-BD26-4AA5-A12F-133E55CCD87E}.Debug|x86.ActiveCfg = Debug|Any CPU
		{92CB50A3-BD26-4AA5-A12F-133E55CCD87E}.Debug|x86.Build.0 = Debug|Any CPU
		{92CB50A3-BD26-4AA5-A12F-133E55CCD87E}.Debug|x86.Deploy.0 = Debug|Any CPU
		{92CB50A3-BD26-4AA5-A12F-133E55CCD87E}.Release|Any CPU.ActiveCfg = Release|Any CPU
		{92CB50A3-BD26-4AA5-A12F-133E55CCD87E}.Release|Any CPU.Build.0 = Release|Any CPU
		{92CB50A3-BD26-4AA5-A12F-133E55CCD87E}.Release|Any CPU.Deploy.0 = Release|Any CPU
		{92CB50A3-BD26-4AA5-A12F-133E55CCD87E}.Release|ARM.ActiveCfg = Release|Any CPU
		{92CB50A3-BD26-4AA5-A12F-133E55CCD87E}.Release|ARM.Build.0 = Release|Any CPU
		{92CB50A3-BD26-4AA5-A12F-133E55CCD87E}.Release|ARM.Deploy.0 = Release|Any CPU
		{92CB50A3-BD26-4AA5-A12F-133E55CCD87E}.Release|iPhone.ActiveCfg = Release|Any CPU
		{92CB50A3-BD26-4AA5-A12F-133E55CCD87E}.Release|iPhone.Build.0 = Release|Any CPU
		{92CB50A3-BD26-4AA5-A12F-133E55CCD87E}.Release|iPhone.Deploy.0 = Release|Any CPU
		{92CB50A3-BD26-4AA5-A12F-133E55CCD87E}.Release|iPhoneSimulator.ActiveCfg = Release|Any CPU
		{92CB50A3-BD26-4AA5-A12F-133E55CCD87E}.Release|iPhoneSimulator.Build.0 = Release|Any CPU
		{92CB50A3-BD26-4AA5-A12F-133E55CCD87E}.Release|iPhoneSimulator.Deploy.0 = Release|Any CPU
		{92CB50A3-BD26-4AA5-A12F-133E55CCD87E}.Release|x64.ActiveCfg = Release|Any CPU
		{92CB50A3-BD26-4AA5-A12F-133E55CCD87E}.Release|x64.Build.0 = Release|Any CPU
		{92CB50A3-BD26-4AA5-A12F-133E55CCD87E}.Release|x64.Deploy.0 = Release|Any CPU
		{92CB50A3-BD26-4AA5-A12F-133E55CCD87E}.Release|x86.ActiveCfg = Release|Any CPU
		{92CB50A3-BD26-4AA5-A12F-133E55CCD87E}.Release|x86.Build.0 = Release|Any CPU
		{92CB50A3-BD26-4AA5-A12F-133E55CCD87E}.Release|x86.Deploy.0 = Release|Any CPU
	EndGlobalSection
	GlobalSection(SolutionProperties) = preSolution
		HideSolutionNode = FALSE
	EndGlobalSection
	GlobalSection(ExtensibilityGlobals) = postSolution
		SolutionGuid = {1777C14F-2915-4DCF-AC69-E942C5E77C36}
	EndGlobalSection
EndGlobal
